
Microsoft Visual Studio Solution File, Format Version 12.00
# Visual Studio Version 17
VisualStudioVersion = 17.11.35327.3
MinimumVisualStudioVersion = 10.0.40219.1
Project("{FAE04EC0-301F-11D3-BF4B-00C04F79EFBC}") = "DepartmentDTO", "DepartmentDTO\DepartmentDTO.csproj", "{BF4BD13A-D08E-4F35-AA08-79136FA38208}"
EndProject
Global
	GlobalSection(SolutionConfigurationPlatforms) = preSolution
		Debug|Any CPU = Debug|Any CPU
		Release|Any CPU = Release|Any CPU
	EndGlobalSection
	GlobalSection(ProjectConfigurationPlatforms) = postSolution
		{BF4BD13A-D08E-4F35-AA08-79136FA38208}.Debug|Any CPU.ActiveCfg = Debug|Any CPU
		{BF4BD13A-D08E-4F35-AA08-79136FA38208}.Debug|Any CPU.Build.0 = Debug|Any CPU
		{BF4BD13A-D08E-4F35-AA08-79136FA38208}.Release|Any CPU.ActiveCfg = Release|Any CPU
		{BF4BD13A-D08E-4F35-AA08-79136FA38208}.Release|Any CPU.Build.0 = Release|Any CPU
	EndGlobalSection
	GlobalSection(SolutionProperties) = preSolution
		HideSolutionNode = FALSE
	EndGlobalSection
	GlobalSection(ExtensibilityGlobals) = postSolution
		SolutionGuid = {3CC90B60-F20A-4DF0-A424-1FAFD1C139B2}
	EndGlobalSection
EndGlobal
